
Microsoft Visual Studio Solution File, Format Version 12.00
# Visual Studio 15
VisualStudioVersion = 15.0.26730.12
MinimumVisualStudioVersion = 10.0.40219.1
Project("{8BC9CEB8-8B4A-11D0-8D11-00A0C91BC942}") = "utilities-dll", "utilities-dll.vcxproj", "{A7EAE2C0-7E4C-4468-BB63-D72320D330A7}"
EndProject
Global
	GlobalSection(SolutionConfigurationPlatforms) = preSolution
		Debug|x64 = Debug|x64
		Debug|x86 = Debug|x86
		Release|x64 = Release|x64
		Release|x86 = Release|x86
	EndGlobalSection
	GlobalSection(ProjectConfigurationPlatforms) = postSolution
		{A7EAE2C0-7E4C-4468-BB63-D72320D330A7}.Debug|x64.ActiveCfg = Debug|x64
		{A7EAE2C0-7E4C-4468-BB63-D72320D330A7}.Debug|x64.Build.0 = Debug|x64
		{A7EAE2C0-7E4C-4468-BB63-D72320D330A7}.Debug|x86.ActiveCfg = Debug|Win32
		{A7EAE2C0-7E4C-4468-BB63-D72320D330A7}.Debug|x86.Build.0 = Debug|Win32
		{A7EAE2C0-7E4C-4468-BB63-D72320D330A7}.Release|x64.ActiveCfg = Release|x64
		{A7EAE2C0-7E4C-4468-BB63-D72320D330A7}.Release|x64.Build.0 = Release|x64
		{A7EAE2C0-7E4C-4468-BB63-D72320D330A7}.Release|x86.ActiveCfg = Release|Win32
		{A7EAE2C0-7E4C-4468-BB63-D72320D330A7}.Release|x86.Build.0 = Release|Win32
	EndGlobalSection
	GlobalSection(SolutionProperties) = preSolution
		HideSolutionNode = FALSE
	EndGlobalSection
	GlobalSection(ExtensibilityGlobals) = postSolution
		SolutionGuid = {884E78F1-BED0-4F0E-B7A4-E7C76F24E967}
	EndGlobalSection
EndGlobal
